// !$*UTF8*$!
{
	archiveVersion = 1;
	classes = {
	};
	objectVersion = 51;
	objects = {

/* Begin PBXBuildFile section */
		230C05825A377634E22974DC /* Pods_Marvel_APITests.framework in Frameworks */ = {isa = PBXBuildFile; fileRef = B753CD765A65E6AEFC246357 /* Pods_Marvel_APITests.framework */; };
		2A808A7324EF42350057BD34 /* Story.swift in Sources */ = {isa = PBXBuildFile; fileRef = 2A808A7224EF42350057BD34 /* Story.swift */; };
		2A808A7524EF43850057BD34 /* Thumbnail.swift in Sources */ = {isa = PBXBuildFile; fileRef = 2A808A7424EF43850057BD34 /* Thumbnail.swift */; };
		2AB0209524EEBB2C00251EC7 /* Service.swift in Sources */ = {isa = PBXBuildFile; fileRef = 2AB0209424EEBB2C00251EC7 /* Service.swift */; };
		2AB0209724EEBB8500251EC7 /* ConnectErrors.swift in Sources */ = {isa = PBXBuildFile; fileRef = 2AB0209624EEBB8500251EC7 /* ConnectErrors.swift */; };
		2AB0209924EEBBCF00251EC7 /* Hash.swift in Sources */ = {isa = PBXBuildFile; fileRef = 2AB0209824EEBBCF00251EC7 /* Hash.swift */; };
		2AB0209B24EEBD4B00251EC7 /* DataWrapper.swift in Sources */ = {isa = PBXBuildFile; fileRef = 2AB0209A24EEBD4B00251EC7 /* DataWrapper.swift */; };
		2AB0209D24EEBD6700251EC7 /* DataContainer.swift in Sources */ = {isa = PBXBuildFile; fileRef = 2AB0209C24EEBD6700251EC7 /* DataContainer.swift */; };
		2AB0209F24EEBE4000251EC7 /* Comic.swift in Sources */ = {isa = PBXBuildFile; fileRef = 2AB0209E24EEBE4000251EC7 /* Comic.swift */; };
		2AB020A124EEBE8000251EC7 /* ComicList.swift in Sources */ = {isa = PBXBuildFile; fileRef = 2AB020A024EEBE8000251EC7 /* ComicList.swift */; };
		2AB020A324EEBEA600251EC7 /* Character.swift in Sources */ = {isa = PBXBuildFile; fileRef = 2AB020A224EEBEA600251EC7 /* Character.swift */; };
		2AB020A524EEC14500251EC7 /* Cache.swift in Sources */ = {isa = PBXBuildFile; fileRef = 2AB020A424EEC14500251EC7 /* Cache.swift */; };
		2AB020A724EED36600251EC7 /* ListPresenter.swift in Sources */ = {isa = PBXBuildFile; fileRef = 2AB020A624EED36500251EC7 /* ListPresenter.swift */; };
		2AB020A924EED54000251EC7 /* DataType.swift in Sources */ = {isa = PBXBuildFile; fileRef = 2AB020A824EED54000251EC7 /* DataType.swift */; };
		2AB020AB24EEF98600251EC7 /* Data.swift in Sources */ = {isa = PBXBuildFile; fileRef = 2AB020AA24EEF98600251EC7 /* Data.swift */; };
		2AB020AE24EF22FB00251EC7 /* ServiceMock.swift in Sources */ = {isa = PBXBuildFile; fileRef = 2AB020AD24EF22FB00251EC7 /* ServiceMock.swift */; };
		2AB020B024EF295300251EC7 /* ListPresenterTests.swift in Sources */ = {isa = PBXBuildFile; fileRef = 2AB020AF24EF295300251EC7 /* ListPresenterTests.swift */; };
		2AC82995D184B4CB6BBDC179 /* Pods_Marvel_API.framework in Frameworks */ = {isa = PBXBuildFile; fileRef = D0CFD7EE0A994B961CF16A45 /* Pods_Marvel_API.framework */; };
		2ACBB69824EEB6C7005B2187 /* AppDelegate.swift in Sources */ = {isa = PBXBuildFile; fileRef = 2ACBB69724EEB6C7005B2187 /* AppDelegate.swift */; };
		2ACBB69A24EEB6C7005B2187 /* SceneDelegate.swift in Sources */ = {isa = PBXBuildFile; fileRef = 2ACBB69924EEB6C7005B2187 /* SceneDelegate.swift */; };
		2ACBB69C24EEB6C7005B2187 /* ViewController.swift in Sources */ = {isa = PBXBuildFile; fileRef = 2ACBB69B24EEB6C7005B2187 /* ViewController.swift */; };
		2ACBB69F24EEB6C7005B2187 /* Main.storyboard in Resources */ = {isa = PBXBuildFile; fileRef = 2ACBB69D24EEB6C7005B2187 /* Main.storyboard */; };
		2ACBB6A124EEB6CA005B2187 /* Assets.xcassets in Resources */ = {isa = PBXBuildFile; fileRef = 2ACBB6A024EEB6CA005B2187 /* Assets.xcassets */; };
		2ACBB6A424EEB6CA005B2187 /* LaunchScreen.storyboard in Resources */ = {isa = PBXBuildFile; fileRef = 2ACBB6A224EEB6CA005B2187 /* LaunchScreen.storyboard */; };
		2ACBB6AF24EEB6CA005B2187 /* Marvel_APITests.swift in Sources */ = {isa = PBXBuildFile; fileRef = 2ACBB6AE24EEB6CA005B2187 /* Marvel_APITests.swift */; };
		2ACBB6BE24EEB7C1005B2187 /* ServiceProtocol.swift in Sources */ = {isa = PBXBuildFile; fileRef = 2ACBB6BD24EEB7C1005B2187 /* ServiceProtocol.swift */; };
/* End PBXBuildFile section */

/* Begin PBXContainerItemProxy section */
		2ACBB6AB24EEB6CA005B2187 /* PBXContainerItemProxy */ = {
			isa = PBXContainerItemProxy;
			containerPortal = 2ACBB68C24EEB6C7005B2187 /* Project object */;
			proxyType = 1;
			remoteGlobalIDString = 2ACBB69324EEB6C7005B2187;
			remoteInfo = "Marvel-API";
		};
/* End PBXContainerItemProxy section */

/* Begin PBXFileReference section */
		2A808A7224EF42350057BD34 /* Story.swift */ = {isa = PBXFileReference; lastKnownFileType = sourcecode.swift; path = Story.swift; sourceTree = "<group>"; };
		2A808A7424EF43850057BD34 /* Thumbnail.swift */ = {isa = PBXFileReference; lastKnownFileType = sourcecode.swift; path = Thumbnail.swift; sourceTree = "<group>"; };
		2AB0209424EEBB2C00251EC7 /* Service.swift */ = {isa = PBXFileReference; lastKnownFileType = sourcecode.swift; path = Service.swift; sourceTree = "<group>"; };
		2AB0209624EEBB8500251EC7 /* ConnectErrors.swift */ = {isa = PBXFileReference; lastKnownFileType = sourcecode.swift; path = ConnectErrors.swift; sourceTree = "<group>"; };
		2AB0209824EEBBCF00251EC7 /* Hash.swift */ = {isa = PBXFileReference; lastKnownFileType = sourcecode.swift; path = Hash.swift; sourceTree = "<group>"; };
		2AB0209A24EEBD4B00251EC7 /* DataWrapper.swift */ = {isa = PBXFileReference; lastKnownFileType = sourcecode.swift; path = DataWrapper.swift; sourceTree = "<group>"; };
		2AB0209C24EEBD6700251EC7 /* DataContainer.swift */ = {isa = PBXFileReference; lastKnownFileType = sourcecode.swift; path = DataContainer.swift; sourceTree = "<group>"; };
		2AB0209E24EEBE4000251EC7 /* Comic.swift */ = {isa = PBXFileReference; lastKnownFileType = sourcecode.swift; path = Comic.swift; sourceTree = "<group>"; };
		2AB020A024EEBE8000251EC7 /* ComicList.swift */ = {isa = PBXFileReference; lastKnownFileType = sourcecode.swift; path = ComicList.swift; sourceTree = "<group>"; };
		2AB020A224EEBEA600251EC7 /* Character.swift */ = {isa = PBXFileReference; lastKnownFileType = sourcecode.swift; path = Character.swift; sourceTree = "<group>"; };
		2AB020A424EEC14500251EC7 /* Cache.swift */ = {isa = PBXFileReference; lastKnownFileType = sourcecode.swift; path = Cache.swift; sourceTree = "<group>"; };
		2AB020A624EED36500251EC7 /* ListPresenter.swift */ = {isa = PBXFileReference; lastKnownFileType = sourcecode.swift; path = ListPresenter.swift; sourceTree = "<group>"; };
		2AB020A824EED54000251EC7 /* DataType.swift */ = {isa = PBXFileReference; lastKnownFileType = sourcecode.swift; path = DataType.swift; sourceTree = "<group>"; };
		2AB020AA24EEF98600251EC7 /* Data.swift */ = {isa = PBXFileReference; lastKnownFileType = sourcecode.swift; path = Data.swift; sourceTree = "<group>"; };
		2AB020AD24EF22FB00251EC7 /* ServiceMock.swift */ = {isa = PBXFileReference; lastKnownFileType = sourcecode.swift; path = ServiceMock.swift; sourceTree = "<group>"; };
		2AB020AF24EF295300251EC7 /* ListPresenterTests.swift */ = {isa = PBXFileReference; lastKnownFileType = sourcecode.swift; path = ListPresenterTests.swift; sourceTree = "<group>"; };
		2ACBB69424EEB6C7005B2187 /* Marvel-API.app */ = {isa = PBXFileReference; explicitFileType = wrapper.application; includeInIndex = 0; path = "Marvel-API.app"; sourceTree = BUILT_PRODUCTS_DIR; };
		2ACBB69724EEB6C7005B2187 /* AppDelegate.swift */ = {isa = PBXFileReference; lastKnownFileType = sourcecode.swift; path = AppDelegate.swift; sourceTree = "<group>"; };
		2ACBB69924EEB6C7005B2187 /* SceneDelegate.swift */ = {isa = PBXFileReference; lastKnownFileType = sourcecode.swift; path = SceneDelegate.swift; sourceTree = "<group>"; };
		2ACBB69B24EEB6C7005B2187 /* ViewController.swift */ = {isa = PBXFileReference; lastKnownFileType = sourcecode.swift; path = ViewController.swift; sourceTree = "<group>"; };
		2ACBB69E24EEB6C7005B2187 /* Base */ = {isa = PBXFileReference; lastKnownFileType = file.storyboard; name = Base; path = Base.lproj/Main.storyboard; sourceTree = "<group>"; };
		2ACBB6A024EEB6CA005B2187 /* Assets.xcassets */ = {isa = PBXFileReference; lastKnownFileType = folder.assetcatalog; path = Assets.xcassets; sourceTree = "<group>"; };
		2ACBB6A324EEB6CA005B2187 /* Base */ = {isa = PBXFileReference; lastKnownFileType = file.storyboard; name = Base; path = Base.lproj/LaunchScreen.storyboard; sourceTree = "<group>"; };
		2ACBB6A524EEB6CA005B2187 /* Info.plist */ = {isa = PBXFileReference; lastKnownFileType = text.plist.xml; path = Info.plist; sourceTree = "<group>"; };
		2ACBB6AA24EEB6CA005B2187 /* Marvel-APITests.xctest */ = {isa = PBXFileReference; explicitFileType = wrapper.cfbundle; includeInIndex = 0; path = "Marvel-APITests.xctest"; sourceTree = BUILT_PRODUCTS_DIR; };
		2ACBB6AE24EEB6CA005B2187 /* Marvel_APITests.swift */ = {isa = PBXFileReference; lastKnownFileType = sourcecode.swift; path = Marvel_APITests.swift; sourceTree = "<group>"; };
		2ACBB6B024EEB6CA005B2187 /* Info.plist */ = {isa = PBXFileReference; lastKnownFileType = text.plist.xml; path = Info.plist; sourceTree = "<group>"; };
		2ACBB6BD24EEB7C1005B2187 /* ServiceProtocol.swift */ = {isa = PBXFileReference; lastKnownFileType = sourcecode.swift; path = ServiceProtocol.swift; sourceTree = "<group>"; };
		4DAEFEBFA590768373DD8E02 /* Pods-Marvel-APITests.release.xcconfig */ = {isa = PBXFileReference; includeInIndex = 1; lastKnownFileType = text.xcconfig; name = "Pods-Marvel-APITests.release.xcconfig"; path = "Target Support Files/Pods-Marvel-APITests/Pods-Marvel-APITests.release.xcconfig"; sourceTree = "<group>"; };
		B753CD765A65E6AEFC246357 /* Pods_Marvel_APITests.framework */ = {isa = PBXFileReference; explicitFileType = wrapper.framework; includeInIndex = 0; path = Pods_Marvel_APITests.framework; sourceTree = BUILT_PRODUCTS_DIR; };
		D0CFD7EE0A994B961CF16A45 /* Pods_Marvel_API.framework */ = {isa = PBXFileReference; explicitFileType = wrapper.framework; includeInIndex = 0; path = Pods_Marvel_API.framework; sourceTree = BUILT_PRODUCTS_DIR; };
		D45BCF462485F8FA2A09AB6F /* Pods-Marvel-API.release.xcconfig */ = {isa = PBXFileReference; includeInIndex = 1; lastKnownFileType = text.xcconfig; name = "Pods-Marvel-API.release.xcconfig"; path = "Target Support Files/Pods-Marvel-API/Pods-Marvel-API.release.xcconfig"; sourceTree = "<group>"; };
		DEA35C192EBDED247E76E058 /* Pods-Marvel-API.debug.xcconfig */ = {isa = PBXFileReference; includeInIndex = 1; lastKnownFileType = text.xcconfig; name = "Pods-Marvel-API.debug.xcconfig"; path = "Target Support Files/Pods-Marvel-API/Pods-Marvel-API.debug.xcconfig"; sourceTree = "<group>"; };
		F11C42F1D2B2EE0A3D44CDF7 /* Pods-Marvel-APITests.debug.xcconfig */ = {isa = PBXFileReference; includeInIndex = 1; lastKnownFileType = text.xcconfig; name = "Pods-Marvel-APITests.debug.xcconfig"; path = "Target Support Files/Pods-Marvel-APITests/Pods-Marvel-APITests.debug.xcconfig"; sourceTree = "<group>"; };
/* End PBXFileReference section */

/* Begin PBXFrameworksBuildPhase section */
		2ACBB69124EEB6C7005B2187 /* Frameworks */ = {
			isa = PBXFrameworksBuildPhase;
			buildActionMask = 2147483647;
			files = (
				2AC82995D184B4CB6BBDC179 /* Pods_Marvel_API.framework in Frameworks */,
			);
			runOnlyForDeploymentPostprocessing = 0;
		};
		2ACBB6A724EEB6CA005B2187 /* Frameworks */ = {
			isa = PBXFrameworksBuildPhase;
			buildActionMask = 2147483647;
			files = (
				230C05825A377634E22974DC /* Pods_Marvel_APITests.framework in Frameworks */,
			);
			runOnlyForDeploymentPostprocessing = 0;
		};
/* End PBXFrameworksBuildPhase section */

/* Begin PBXGroup section */
		2A808A7624EF43E10057BD34 /* List */ = {
			isa = PBXGroup;
			children = (
				2AB020A024EEBE8000251EC7 /* ComicList.swift */,
			);
			path = List;
			sourceTree = "<group>";
		};
		2A808A7724EF43F00057BD34 /* Data */ = {
			isa = PBXGroup;
			children = (
				2AB020A224EEBEA600251EC7 /* Character.swift */,
				2AB0209E24EEBE4000251EC7 /* Comic.swift */,
				2A808A7224EF42350057BD34 /* Story.swift */,
				2A808A7424EF43850057BD34 /* Thumbnail.swift */,
			);
			path = Data;
			sourceTree = "<group>";
		};
		2A808A7824EF44330057BD34 /* Wrapper */ = {
			isa = PBXGroup;
			children = (
				2AB0209A24EEBD4B00251EC7 /* DataWrapper.swift */,
				2AB0209C24EEBD6700251EC7 /* DataContainer.swift */,
			);
			path = Wrapper;
			sourceTree = "<group>";
		};
		2ACBB68B24EEB6C7005B2187 = {
			isa = PBXGroup;
			children = (
				2ACBB69624EEB6C7005B2187 /* Marvel-API */,
				2ACBB6AD24EEB6CA005B2187 /* Marvel-APITests */,
				2ACBB69524EEB6C7005B2187 /* Products */,
				8887BF85A0B942E501616F1A /* Pods */,
				AC712581BA2FB4DB38138717 /* Frameworks */,
			);
			sourceTree = "<group>";
		};
		2ACBB69524EEB6C7005B2187 /* Products */ = {
			isa = PBXGroup;
			children = (
				2ACBB69424EEB6C7005B2187 /* Marvel-API.app */,
				2ACBB6AA24EEB6CA005B2187 /* Marvel-APITests.xctest */,
			);
			name = Products;
			sourceTree = "<group>";
		};
		2ACBB69624EEB6C7005B2187 /* Marvel-API */ = {
			isa = PBXGroup;
			children = (
				2ACBB6B924EEB6E6005B2187 /* Service */,
				2ACBB6BC24EEB70A005B2187 /* Model */,
				2ACBB6BB24EEB700005B2187 /* Presenter */,
				2ACBB6BA24EEB6F0005B2187 /* ViewController */,
				2ACBB69724EEB6C7005B2187 /* AppDelegate.swift */,
				2ACBB69924EEB6C7005B2187 /* SceneDelegate.swift */,
				2ACBB69B24EEB6C7005B2187 /* ViewController.swift */,
				2ACBB69D24EEB6C7005B2187 /* Main.storyboard */,
				2ACBB6A024EEB6CA005B2187 /* Assets.xcassets */,
				2ACBB6A224EEB6CA005B2187 /* LaunchScreen.storyboard */,
				2ACBB6A524EEB6CA005B2187 /* Info.plist */,
			);
			path = "Marvel-API";
			sourceTree = "<group>";
		};
		2ACBB6AD24EEB6CA005B2187 /* Marvel-APITests */ = {
			isa = PBXGroup;
			children = (
				2AB020AD24EF22FB00251EC7 /* ServiceMock.swift */,
				2AB020AF24EF295300251EC7 /* ListPresenterTests.swift */,
				2ACBB6AE24EEB6CA005B2187 /* Marvel_APITests.swift */,
				2ACBB6B024EEB6CA005B2187 /* Info.plist */,
			);
			path = "Marvel-APITests";
			sourceTree = "<group>";
		};
		2ACBB6B924EEB6E6005B2187 /* Service */ = {
			isa = PBXGroup;
			children = (
				2ACBB6BD24EEB7C1005B2187 /* ServiceProtocol.swift */,
				2AB0209424EEBB2C00251EC7 /* Service.swift */,
				2AB0209624EEBB8500251EC7 /* ConnectErrors.swift */,
				2AB0209824EEBBCF00251EC7 /* Hash.swift */,
			);
			path = Service;
			sourceTree = "<group>";
		};
		2ACBB6BA24EEB6F0005B2187 /* ViewController */ = {
			isa = PBXGroup;
			children = (
			);
			path = ViewController;
			sourceTree = "<group>";
		};
		2ACBB6BB24EEB700005B2187 /* Presenter */ = {
			isa = PBXGroup;
			children = (
				2AB020A624EED36500251EC7 /* ListPresenter.swift */,
			);
			path = Presenter;
			sourceTree = "<group>";
		};
		2ACBB6BC24EEB70A005B2187 /* Model */ = {
			isa = PBXGroup;
			children = (
				2A808A7824EF44330057BD34 /* Wrapper */,
				2A808A7724EF43F00057BD34 /* Data */,
				2A808A7624EF43E10057BD34 /* List */,
				2AB020A424EEC14500251EC7 /* Cache.swift */,
				2AB020A824EED54000251EC7 /* DataType.swift */,
				2AB020AA24EEF98600251EC7 /* Data.swift */,
			);
			path = Model;
			sourceTree = "<group>";
		};
		8887BF85A0B942E501616F1A /* Pods */ = {
			isa = PBXGroup;
			children = (
				DEA35C192EBDED247E76E058 /* Pods-Marvel-API.debug.xcconfig */,
				D45BCF462485F8FA2A09AB6F /* Pods-Marvel-API.release.xcconfig */,
				F11C42F1D2B2EE0A3D44CDF7 /* Pods-Marvel-APITests.debug.xcconfig */,
				4DAEFEBFA590768373DD8E02 /* Pods-Marvel-APITests.release.xcconfig */,
			);
			path = Pods;
			sourceTree = "<group>";
		};
		AC712581BA2FB4DB38138717 /* Frameworks */ = {
			isa = PBXGroup;
			children = (
				D0CFD7EE0A994B961CF16A45 /* Pods_Marvel_API.framework */,
				B753CD765A65E6AEFC246357 /* Pods_Marvel_APITests.framework */,
			);
			name = Frameworks;
			sourceTree = "<group>";
		};
/* End PBXGroup section */

/* Begin PBXNativeTarget section */
		2ACBB69324EEB6C7005B2187 /* Marvel-API */ = {
			isa = PBXNativeTarget;
			buildConfigurationList = 2ACBB6B324EEB6CA005B2187 /* Build configuration list for PBXNativeTarget "Marvel-API" */;
			buildPhases = (
				2190C61CD1D40574A8205598 /* [CP] Check Pods Manifest.lock */,
				2ACBB69024EEB6C7005B2187 /* Sources */,
				2ACBB69124EEB6C7005B2187 /* Frameworks */,
				2ACBB69224EEB6C7005B2187 /* Resources */,
				5BC6483F766F18BB74EC7875 /* [CP] Embed Pods Frameworks */,
			);
			buildRules = (
			);
			dependencies = (
			);
			name = "Marvel-API";
			productName = "Marvel-API";
			productReference = 2ACBB69424EEB6C7005B2187 /* Marvel-API.app */;
			productType = "com.apple.product-type.application";
		};
		2ACBB6A924EEB6CA005B2187 /* Marvel-APITests */ = {
			isa = PBXNativeTarget;
			buildConfigurationList = 2ACBB6B624EEB6CA005B2187 /* Build configuration list for PBXNativeTarget "Marvel-APITests" */;
			buildPhases = (
				7E3F8DA73536BED34A2A181B /* [CP] Check Pods Manifest.lock */,
				2ACBB6A624EEB6CA005B2187 /* Sources */,
				2ACBB6A724EEB6CA005B2187 /* Frameworks */,
				2ACBB6A824EEB6CA005B2187 /* Resources */,
			);
			buildRules = (
			);
			dependencies = (
				2ACBB6AC24EEB6CA005B2187 /* PBXTargetDependency */,
			);
			name = "Marvel-APITests";
			productName = "Marvel-APITests";
			productReference = 2ACBB6AA24EEB6CA005B2187 /* Marvel-APITests.xctest */;
			productType = "com.apple.product-type.bundle.unit-test";
		};
/* End PBXNativeTarget section */

/* Begin PBXProject section */
		2ACBB68C24EEB6C7005B2187 /* Project object */ = {
			isa = PBXProject;
			attributes = {
				LastSwiftUpdateCheck = 1160;
				LastUpgradeCheck = 1160;
				ORGANIZATIONNAME = "Ribeiro Ferreira";
				TargetAttributes = {
					2ACBB69324EEB6C7005B2187 = {
						CreatedOnToolsVersion = 11.6;
					};
					2ACBB6A924EEB6CA005B2187 = {
						CreatedOnToolsVersion = 11.6;
						TestTargetID = 2ACBB69324EEB6C7005B2187;
					};
				};
			};
			buildConfigurationList = 2ACBB68F24EEB6C7005B2187 /* Build configuration list for PBXProject "Marvel-API" */;
			compatibilityVersion = "Xcode 9.3";
			developmentRegion = en;
			hasScannedForEncodings = 0;
			knownRegions = (
				en,
				Base,
			);
			mainGroup = 2ACBB68B24EEB6C7005B2187;
			productRefGroup = 2ACBB69524EEB6C7005B2187 /* Products */;
			projectDirPath = "";
			projectRoot = "";
			targets = (
				2ACBB69324EEB6C7005B2187 /* Marvel-API */,
				2ACBB6A924EEB6CA005B2187 /* Marvel-APITests */,
			);
		};
/* End PBXProject section */

/* Begin PBXResourcesBuildPhase section */
		2ACBB69224EEB6C7005B2187 /* Resources */ = {
			isa = PBXResourcesBuildPhase;
			buildActionMask = 2147483647;
			files = (
				2ACBB6A424EEB6CA005B2187 /* LaunchScreen.storyboard in Resources */,
				2ACBB6A124EEB6CA005B2187 /* Assets.xcassets in Resources */,
				2ACBB69F24EEB6C7005B2187 /* Main.storyboard in Resources */,
			);
			runOnlyForDeploymentPostprocessing = 0;
		};
		2ACBB6A824EEB6CA005B2187 /* Resources */ = {
			isa = PBXResourcesBuildPhase;
			buildActionMask = 2147483647;
			files = (
			);
			runOnlyForDeploymentPostprocessing = 0;
		};
/* End PBXResourcesBuildPhase section */

/* Begin PBXShellScriptBuildPhase section */
		2190C61CD1D40574A8205598 /* [CP] Check Pods Manifest.lock */ = {
			isa = PBXShellScriptBuildPhase;
			buildActionMask = 2147483647;
			files = (
			);
			inputFileListPaths = (
			);
			inputPaths = (
				"${PODS_PODFILE_DIR_PATH}/Podfile.lock",
				"${PODS_ROOT}/Manifest.lock",
			);
			name = "[CP] Check Pods Manifest.lock";
			outputFileListPaths = (
			);
			outputPaths = (
				"$(DERIVED_FILE_DIR)/Pods-Marvel-API-checkManifestLockResult.txt",
			);
			runOnlyForDeploymentPostprocessing = 0;
			shellPath = /bin/sh;
			shellScript = "diff \"${PODS_PODFILE_DIR_PATH}/Podfile.lock\" \"${PODS_ROOT}/Manifest.lock\" > /dev/null\nif [ $? != 0 ] ; then\n    # print error to STDERR\n    echo \"error: The sandbox is not in sync with the Podfile.lock. Run 'pod install' or update your CocoaPods installation.\" >&2\n    exit 1\nfi\n# This output is used by Xcode 'outputs' to avoid re-running this script phase.\necho \"SUCCESS\" > \"${SCRIPT_OUTPUT_FILE_0}\"\n";
			showEnvVarsInLog = 0;
		};
		5BC6483F766F18BB74EC7875 /* [CP] Embed Pods Frameworks */ = {
			isa = PBXShellScriptBuildPhase;
			buildActionMask = 2147483647;
			files = (
			);
			inputFileListPaths = (
				"${PODS_ROOT}/Target Support Files/Pods-Marvel-API/Pods-Marvel-API-frameworks-${CONFIGURATION}-input-files.xcfilelist",
			);
			name = "[CP] Embed Pods Frameworks";
			outputFileListPaths = (
				"${PODS_ROOT}/Target Support Files/Pods-Marvel-API/Pods-Marvel-API-frameworks-${CONFIGURATION}-output-files.xcfilelist",
			);
			runOnlyForDeploymentPostprocessing = 0;
			shellPath = /bin/sh;
			shellScript = "\"${PODS_ROOT}/Target Support Files/Pods-Marvel-API/Pods-Marvel-API-frameworks.sh\"\n";
			showEnvVarsInLog = 0;
		};
		7E3F8DA73536BED34A2A181B /* [CP] Check Pods Manifest.lock */ = {
			isa = PBXShellScriptBuildPhase;
			buildActionMask = 2147483647;
			files = (
			);
			inputFileListPaths = (
			);
			inputPaths = (
				"${PODS_PODFILE_DIR_PATH}/Podfile.lock",
				"${PODS_ROOT}/Manifest.lock",
			);
			name = "[CP] Check Pods Manifest.lock";
			outputFileListPaths = (
			);
			outputPaths = (
				"$(DERIVED_FILE_DIR)/Pods-Marvel-APITests-checkManifestLockResult.txt",
			);
			runOnlyForDeploymentPostprocessing = 0;
			shellPath = /bin/sh;
			shellScript = "diff \"${PODS_PODFILE_DIR_PATH}/Podfile.lock\" \"${PODS_ROOT}/Manifest.lock\" > /dev/null\nif [ $? != 0 ] ; then\n    # print error to STDERR\n    echo \"error: The sandbox is not in sync with the Podfile.lock. Run 'pod install' or update your CocoaPods installation.\" >&2\n    exit 1\nfi\n# This output is used by Xcode 'outputs' to avoid re-running this script phase.\necho \"SUCCESS\" > \"${SCRIPT_OUTPUT_FILE_0}\"\n";
			showEnvVarsInLog = 0;
		};
/* End PBXShellScriptBuildPhase section */

/* Begin PBXSourcesBuildPhase section */
		2ACBB69024EEB6C7005B2187 /* Sources */ = {
			isa = PBXSourcesBuildPhase;
			buildActionMask = 2147483647;
			files = (
				2AB020A724EED36600251EC7 /* ListPresenter.swift in Sources */,
				2AB020A924EED54000251EC7 /* DataType.swift in Sources */,
				2ACBB69C24EEB6C7005B2187 /* ViewController.swift in Sources */,
				2A808A7324EF42350057BD34 /* Story.swift in Sources */,
				2ACBB69824EEB6C7005B2187 /* AppDelegate.swift in Sources */,
				2AB0209D24EEBD6700251EC7 /* DataContainer.swift in Sources */,
				2AB020A324EEBEA600251EC7 /* Character.swift in Sources */,
				2AB0209524EEBB2C00251EC7 /* Service.swift in Sources */,
				2AB0209724EEBB8500251EC7 /* ConnectErrors.swift in Sources */,
				2AB020A524EEC14500251EC7 /* Cache.swift in Sources */,
				2AB020A124EEBE8000251EC7 /* ComicList.swift in Sources */,
				2ACBB69A24EEB6C7005B2187 /* SceneDelegate.swift in Sources */,
				2ACBB6BE24EEB7C1005B2187 /* ServiceProtocol.swift in Sources */,
				2AB0209F24EEBE4000251EC7 /* Comic.swift in Sources */,
				2A808A7524EF43850057BD34 /* Thumbnail.swift in Sources */,
				2AB0209924EEBBCF00251EC7 /* Hash.swift in Sources */,
				2AB0209B24EEBD4B00251EC7 /* DataWrapper.swift in Sources */,
				2AB020AB24EEF98600251EC7 /* Data.swift in Sources */,
			);
			runOnlyForDeploymentPostprocessing = 0;
		};
		2ACBB6A624EEB6CA005B2187 /* Sources */ = {
			isa = PBXSourcesBuildPhase;
			buildActionMask = 2147483647;
			files = (
				2ACBB6AF24EEB6CA005B2187 /* Marvel_APITests.swift in Sources */,
				2AB020AE24EF22FB00251EC7 /* ServiceMock.swift in Sources */,
				2AB020B024EF295300251EC7 /* ListPresenterTests.swift in Sources */,
			);
			runOnlyForDeploymentPostprocessing = 0;
		};
/* End PBXSourcesBuildPhase section */

/* Begin PBXTargetDependency section */
		2ACBB6AC24EEB6CA005B2187 /* PBXTargetDependency */ = {
			isa = PBXTargetDependency;
			target = 2ACBB69324EEB6C7005B2187 /* Marvel-API */;
			targetProxy = 2ACBB6AB24EEB6CA005B2187 /* PBXContainerItemProxy */;
		};
/* End PBXTargetDependency section */

/* Begin PBXVariantGroup section */
		2ACBB69D24EEB6C7005B2187 /* Main.storyboard */ = {
			isa = PBXVariantGroup;
			children = (
				2ACBB69E24EEB6C7005B2187 /* Base */,
			);
			name = Main.storyboard;
			sourceTree = "<group>";
		};
		2ACBB6A224EEB6CA005B2187 /* LaunchScreen.storyboard */ = {
			isa = PBXVariantGroup;
			children = (
				2ACBB6A324EEB6CA005B2187 /* Base */,
			);
			name = LaunchScreen.storyboard;
			sourceTree = "<group>";
		};
/* End PBXVariantGroup section */

/* Begin XCBuildConfiguration section */
		2ACBB6B124EEB6CA005B2187 /* Debug */ = {
			isa = XCBuildConfiguration;
			buildSettings = {
				ALWAYS_SEARCH_USER_PATHS = NO;
				CLANG_ANALYZER_NONNULL = YES;
				CLANG_ANALYZER_NUMBER_OBJECT_CONVERSION = YES_AGGRESSIVE;
				CLANG_CXX_LANGUAGE_STANDARD = "gnu++14";
				CLANG_CXX_LIBRARY = "libc++";
				CLANG_ENABLE_MODULES = YES;
				CLANG_ENABLE_OBJC_ARC = YES;
				CLANG_ENABLE_OBJC_WEAK = YES;
				CLANG_WARN_BLOCK_CAPTURE_AUTORELEASING = YES;
				CLANG_WARN_BOOL_CONVERSION = YES;
				CLANG_WARN_COMMA = YES;
				CLANG_WARN_CONSTANT_CONVERSION = YES;
				CLANG_WARN_DEPRECATED_OBJC_IMPLEMENTATIONS = YES;
				CLANG_WARN_DIRECT_OBJC_ISA_USAGE = YES_ERROR;
				CLANG_WARN_DOCUMENTATION_COMMENTS = YES;
				CLANG_WARN_EMPTY_BODY = YES;
				CLANG_WARN_ENUM_CONVERSION = YES;
				CLANG_WARN_INFINITE_RECURSION = YES;
				CLANG_WARN_INT_CONVERSION = YES;
				CLANG_WARN_NON_LITERAL_NULL_CONVERSION = YES;
				CLANG_WARN_OBJC_IMPLICIT_RETAIN_SELF = YES;
				CLANG_WARN_OBJC_LITERAL_CONVERSION = YES;
				CLANG_WARN_OBJC_ROOT_CLASS = YES_ERROR;
				CLANG_WARN_RANGE_LOOP_ANALYSIS = YES;
				CLANG_WARN_STRICT_PROTOTYPES = YES;
				CLANG_WARN_SUSPICIOUS_MOVE = YES;
				CLANG_WARN_UNGUARDED_AVAILABILITY = YES_AGGRESSIVE;
				CLANG_WARN_UNREACHABLE_CODE = YES;
				CLANG_WARN__DUPLICATE_METHOD_MATCH = YES;
				COPY_PHASE_STRIP = NO;
				DEBUG_INFORMATION_FORMAT = dwarf;
				ENABLE_STRICT_OBJC_MSGSEND = YES;
				ENABLE_TESTABILITY = YES;
				GCC_C_LANGUAGE_STANDARD = gnu11;
				GCC_DYNAMIC_NO_PIC = NO;
				GCC_NO_COMMON_BLOCKS = YES;
				GCC_OPTIMIZATION_LEVEL = 0;
				GCC_PREPROCESSOR_DEFINITIONS = (
					"DEBUG=1",
					"$(inherited)",
				);
				GCC_WARN_64_TO_32_BIT_CONVERSION = YES;
				GCC_WARN_ABOUT_RETURN_TYPE = YES_ERROR;
				GCC_WARN_UNDECLARED_SELECTOR = YES;
				GCC_WARN_UNINITIALIZED_AUTOS = YES_AGGRESSIVE;
				GCC_WARN_UNUSED_FUNCTION = YES;
				GCC_WARN_UNUSED_VARIABLE = YES;
				IPHONEOS_DEPLOYMENT_TARGET = 13.6;
				MTL_ENABLE_DEBUG_INFO = INCLUDE_SOURCE;
				MTL_FAST_MATH = YES;
				ONLY_ACTIVE_ARCH = YES;
				SDKROOT = iphoneos;
				SWIFT_ACTIVE_COMPILATION_CONDITIONS = DEBUG;
				SWIFT_OPTIMIZATION_LEVEL = "-Onone";
			};
			name = Debug;
		};
		2ACBB6B224EEB6CA005B2187 /* Release */ = {
			isa = XCBuildConfiguration;
			buildSettings = {
				ALWAYS_SEARCH_USER_PATHS = NO;
				CLANG_ANALYZER_NONNULL = YES;
				CLANG_ANALYZER_NUMBER_OBJECT_CONVERSION = YES_AGGRESSIVE;
				CLANG_CXX_LANGUAGE_STANDARD = "gnu++14";
				CLANG_CXX_LIBRARY = "libc++";
				CLANG_ENABLE_MODULES = YES;
				CLANG_ENABLE_OBJC_ARC = YES;
				CLANG_ENABLE_OBJC_WEAK = YES;
				CLANG_WARN_BLOCK_CAPTURE_AUTORELEASING = YES;
				CLANG_WARN_BOOL_CONVERSION = YES;
				CLANG_WARN_COMMA = YES;
				CLANG_WARN_CONSTANT_CONVERSION = YES;
				CLANG_WARN_DEPRECATED_OBJC_IMPLEMENTATIONS = YES;
				CLANG_WARN_DIRECT_OBJC_ISA_USAGE = YES_ERROR;
				CLANG_WARN_DOCUMENTATION_COMMENTS = YES;
				CLANG_WARN_EMPTY_BODY = YES;
				CLANG_WARN_ENUM_CONVERSION = YES;
				CLANG_WARN_INFINITE_RECURSION = YES;
				CLANG_WARN_INT_CONVERSION = YES;
				CLANG_WARN_NON_LITERAL_NULL_CONVERSION = YES;
				CLANG_WARN_OBJC_IMPLICIT_RETAIN_SELF = YES;
				CLANG_WARN_OBJC_LITERAL_CONVERSION = YES;
				CLANG_WARN_OBJC_ROOT_CLASS = YES_ERROR;
				CLANG_WARN_RANGE_LOOP_ANALYSIS = YES;
				CLANG_WARN_STRICT_PROTOTYPES = YES;
				CLANG_WARN_SUSPICIOUS_MOVE = YES;
				CLANG_WARN_UNGUARDED_AVAILABILITY = YES_AGGRESSIVE;
				CLANG_WARN_UNREACHABLE_CODE = YES;
				CLANG_WARN__DUPLICATE_METHOD_MATCH = YES;
				COPY_PHASE_STRIP = NO;
				DEBUG_INFORMATION_FORMAT = "dwarf-with-dsym";
				ENABLE_NS_ASSERTIONS = NO;
				ENABLE_STRICT_OBJC_MSGSEND = YES;
				GCC_C_LANGUAGE_STANDARD = gnu11;
				GCC_NO_COMMON_BLOCKS = YES;
				GCC_WARN_64_TO_32_BIT_CONVERSION = YES;
				GCC_WARN_ABOUT_RETURN_TYPE = YES_ERROR;
				GCC_WARN_UNDECLARED_SELECTOR = YES;
				GCC_WARN_UNINITIALIZED_AUTOS = YES_AGGRESSIVE;
				GCC_WARN_UNUSED_FUNCTION = YES;
				GCC_WARN_UNUSED_VARIABLE = YES;
				IPHONEOS_DEPLOYMENT_TARGET = 13.6;
				MTL_ENABLE_DEBUG_INFO = NO;
				MTL_FAST_MATH = YES;
				SDKROOT = iphoneos;
				SWIFT_COMPILATION_MODE = wholemodule;
				SWIFT_OPTIMIZATION_LEVEL = "-O";
				VALIDATE_PRODUCT = YES;
			};
			name = Release;
		};
		2ACBB6B424EEB6CA005B2187 /* Debug */ = {
			isa = XCBuildConfiguration;
			baseConfigurationReference = DEA35C192EBDED247E76E058 /* Pods-Marvel-API.debug.xcconfig */;
			buildSettings = {
				ASSETCATALOG_COMPILER_APPICON_NAME = AppIcon;
				CODE_SIGN_STYLE = Automatic;
				DEVELOPMENT_TEAM = C7CS39R779;
				INFOPLIST_FILE = "Marvel-API/Info.plist";
				IPHONEOS_DEPLOYMENT_TARGET = 12.0;
				LD_RUNPATH_SEARCH_PATHS = (
					"$(inherited)",
					"@executable_path/Frameworks",
				);
				PRODUCT_BUNDLE_IDENTIFIER = "gabrielferreira.Marvel-API";
				PRODUCT_NAME = "$(TARGET_NAME)";
				SWIFT_VERSION = 5.0;
				TARGETED_DEVICE_FAMILY = 1;
			};
			name = Debug;
		};
		2ACBB6B524EEB6CA005B2187 /* Release */ = {
			isa = XCBuildConfiguration;
			baseConfigurationReference = D45BCF462485F8FA2A09AB6F /* Pods-Marvel-API.release.xcconfig */;
			buildSettings = {
				ASSETCATALOG_COMPILER_APPICON_NAME = AppIcon;
				CODE_SIGN_STYLE = Automatic;
				DEVELOPMENT_TEAM = C7CS39R779;
				INFOPLIST_FILE = "Marvel-API/Info.plist";
				IPHONEOS_DEPLOYMENT_TARGET = 12.0;
				LD_RUNPATH_SEARCH_PATHS = (
					"$(inherited)",
					"@executable_path/Frameworks",
				);
				PRODUCT_BUNDLE_IDENTIFIER = "gabrielferreira.Marvel-API";
				PRODUCT_NAME = "$(TARGET_NAME)";
				SWIFT_VERSION = 5.0;
				TARGETED_DEVICE_FAMILY = 1;
			};
			name = Release;
		};
		2ACBB6B724EEB6CA005B2187 /* Debug */ = {
			isa = XCBuildConfiguration;
			baseConfigurationReference = F11C42F1D2B2EE0A3D44CDF7 /* Pods-Marvel-APITests.debug.xcconfig */;
			buildSettings = {
				ALWAYS_EMBED_SWIFT_STANDARD_LIBRARIES = YES;
				BUNDLE_LOADER = "$(TEST_HOST)";
				CODE_SIGN_STYLE = Automatic;
				DEVELOPMENT_TEAM = C7CS39R779;
				INFOPLIST_FILE = "Marvel-APITests/Info.plist";
				IPHONEOS_DEPLOYMENT_TARGET = 13.6;
				LD_RUNPATH_SEARCH_PATHS = (
					"$(inherited)",
					"@executable_path/Frameworks",
					"@loader_path/Frameworks",
				);
				PRODUCT_BUNDLE_IDENTIFIER = "gabrielferreira.Marvel-APITests";
				PRODUCT_NAME = "$(TARGET_NAME)";
				SWIFT_VERSION = 5.0;
				TARGETED_DEVICE_FAMILY = "1,2";
				TEST_HOST = "$(BUILT_PRODUCTS_DIR)/Marvel-API.app/Marvel-API";
			};
			name = Debug;
		};
		2ACBB6B824EEB6CA005B2187 /* Release */ = {
			isa = XCBuildConfiguration;
			baseConfigurationReference = 4DAEFEBFA590768373DD8E02 /* Pods-Marvel-APITests.release.xcconfig */;
			buildSettings = {
				ALWAYS_EMBED_SWIFT_STANDARD_LIBRARIES = YES;
				BUNDLE_LOADER = "$(TEST_HOST)";
				CODE_SIGN_STYLE = Automatic;
				DEVELOPMENT_TEAM = C7CS39R779;
				INFOPLIST_FILE = "Marvel-APITests/Info.plist";
				IPHONEOS_DEPLOYMENT_TARGET = 13.6;
				LD_RUNPATH_SEARCH_PATHS = (
					"$(inherited)",
					"@executable_path/Frameworks",
					"@loader_path/Frameworks",
				);
				PRODUCT_BUNDLE_IDENTIFIER = "gabrielferreira.Marvel-APITests";
				PRODUCT_NAME = "$(TARGET_NAME)";
				SWIFT_VERSION = 5.0;
				TARGETED_DEVICE_FAMILY = "1,2";
				TEST_HOST = "$(BUILT_PRODUCTS_DIR)/Marvel-API.app/Marvel-API";
			};
			name = Release;
		};
/* End XCBuildConfiguration section */

/* Begin XCConfigurationList section */
		2ACBB68F24EEB6C7005B2187 /* Build configuration list for PBXProject "Marvel-API" */ = {
			isa = XCConfigurationList;
			buildConfigurations = (
				2ACBB6B124EEB6CA005B2187 /* Debug */,
				2ACBB6B224EEB6CA005B2187 /* Release */,
			);
			defaultConfigurationIsVisible = 0;
			defaultConfigurationName = Release;
		};
		2ACBB6B324EEB6CA005B2187 /* Build configuration list for PBXNativeTarget "Marvel-API" */ = {
			isa = XCConfigurationList;
			buildConfigurations = (
				2ACBB6B424EEB6CA005B2187 /* Debug */,
				2ACBB6B524EEB6CA005B2187 /* Release */,
			);
			defaultConfigurationIsVisible = 0;
			defaultConfigurationName = Release;
		};
		2ACBB6B624EEB6CA005B2187 /* Build configuration list for PBXNativeTarget "Marvel-APITests" */ = {
			isa = XCConfigurationList;
			buildConfigurations = (
				2ACBB6B724EEB6CA005B2187 /* Debug */,
				2ACBB6B824EEB6CA005B2187 /* Release */,
			);
			defaultConfigurationIsVisible = 0;
			defaultConfigurationName = Release;
		};
/* End XCConfigurationList section */
	};
	rootObject = 2ACBB68C24EEB6C7005B2187 /* Project object */;
}
